
Microsoft Visual Studio Solution File, Format Version 12.00
# Visual Studio Version 16
VisualStudioVersion = 16.0.30330.147
MinimumVisualStudioVersion = 10.0.40219.1
Project("{FAE04EC0-301F-11D3-BF4B-00C04F79EFBC}") = "EX 2B Password", "EX 2B Password\EX 2B Password.csproj", "{AC3F48C7-698A-434C-908A-C514E8C6F9D5}"
EndProject
Global
	GlobalSection(SolutionConfigurationPlatforms) = preSolution
		Debug|Any CPU = Debug|Any CPU
		Release|Any CPU = Release|Any CPU
	EndGlobalSection
	GlobalSection(ProjectConfigurationPlatforms) = postSolution
		{AC3F48C7-698A-434C-908A-C514E8C6F9D5}.Debug|Any CPU.ActiveCfg = Debug|Any CPU
		{AC3F48C7-698A-434C-908A-C514E8C6F9D5}.Debug|Any CPU.Build.0 = Debug|Any CPU
		{AC3F48C7-698A-434C-908A-C514E8C6F9D5}.Release|Any CPU.ActiveCfg = Release|Any CPU
		{AC3F48C7-698A-434C-908A-C514E8C6F9D5}.Release|Any CPU.Build.0 = Release|Any CPU
	EndGlobalSection
	GlobalSection(SolutionProperties) = preSolution
		HideSolutionNode = FALSE
	EndGlobalSection
	GlobalSection(ExtensibilityGlobals) = postSolution
		SolutionGuid = {BB72FE0D-2F5C-465A-8E62-EA6778AB50F1}
	EndGlobalSection
EndGlobal
